
Microsoft Visual Studio Solution File, Format Version 12.00
# Visual Studio Version 17
VisualStudioVersion = 17.14.36518.9 d17.14
MinimumVisualStudioVersion = 10.0.40219.1
Project("{FAE04EC0-301F-11D3-BF4B-00C04F79EFBC}") = "Downcasting, Implicit-Explicit", "Downcasting, Implicit-Explicit\Downcasting, Implicit-Explicit.csproj", "{58AFF89D-27F9-4C80-8F60-1B372E105D63}"
EndProject
Global
	GlobalSection(SolutionConfigurationPlatforms) = preSolution
		Debug|Any CPU = Debug|Any CPU
		Release|Any CPU = Release|Any CPU
	EndGlobalSection
	GlobalSection(ProjectConfigurationPlatforms) = postSolution
		{58AFF89D-27F9-4C80-8F60-1B372E105D63}.Debug|Any CPU.ActiveCfg = Debug|Any CPU
		{58AFF89D-27F9-4C80-8F60-1B372E105D63}.Debug|Any CPU.Build.0 = Debug|Any CPU
		{58AFF89D-27F9-4C80-8F60-1B372E105D63}.Release|Any CPU.ActiveCfg = Release|Any CPU
		{58AFF89D-27F9-4C80-8F60-1B372E105D63}.Release|Any CPU.Build.0 = Release|Any CPU
	EndGlobalSection
	GlobalSection(SolutionProperties) = preSolution
		HideSolutionNode = FALSE
	EndGlobalSection
	GlobalSection(ExtensibilityGlobals) = postSolution
		SolutionGuid = {FB236E42-DAB9-4704-BF5D-F0A48520EC12}
	EndGlobalSection
EndGlobal
